
Microsoft Visual Studio Solution File, Format Version 12.00
# Visual Studio Version 17
VisualStudioVersion = 17.0.32014.148
MinimumVisualStudioVersion = 10.0.40219.1
Project("{9A19103F-16F7-4668-BE54-9A1E7A4F7556}") = "MenuProcessor", "MenuElement\MenuProcessor.csproj", "{A9B2FF39-3476-4DF5-AC5F-BA7BBD525C11}"
EndProject
Project("{9A19103F-16F7-4668-BE54-9A1E7A4F7556}") = "MetadataDLL", "MetadataDLL\MetadataDLL.csproj", "{CE602DAC-D4BC-43A5-8BAA-B604E36F4AFD}"
EndProject
Project("{9A19103F-16F7-4668-BE54-9A1E7A4F7556}") = "MetadataDLLimplicit", "MetadataDLLimplicit\MetadataDLLimplicit.csproj", "{8FE4D07E-E9F0-4172-9B6F-3703F2D21953}"
EndProject
Global
	GlobalSection(SolutionConfigurationPlatforms) = preSolution
		Debug|Any CPU = Debug|Any CPU
		Release|Any CPU = Release|Any CPU
	EndGlobalSection
	GlobalSection(ProjectConfigurationPlatforms) = postSolution
		{A9B2FF39-3476-4DF5-AC5F-BA7BBD525C11}.Debug|Any CPU.ActiveCfg = Debug|Any CPU
		{A9B2FF39-3476-4DF5-AC5F-BA7BBD525C11}.Debug|Any CPU.Build.0 = Debug|Any CPU
		{A9B2FF39-3476-4DF5-AC5F-BA7BBD525C11}.Release|Any CPU.ActiveCfg = Release|Any CPU
		{A9B2FF39-3476-4DF5-AC5F-BA7BBD525C11}.Release|Any CPU.Build.0 = Release|Any CPU
		{CE602DAC-D4BC-43A5-8BAA-B604E36F4AFD}.Debug|Any CPU.ActiveCfg = Debug|Any CPU
		{CE602DAC-D4BC-43A5-8BAA-B604E36F4AFD}.Debug|Any CPU.Build.0 = Debug|Any CPU
		{CE602DAC-D4BC-43A5-8BAA-B604E36F4AFD}.Release|Any CPU.ActiveCfg = Release|Any CPU
		{CE602DAC-D4BC-43A5-8BAA-B604E36F4AFD}.Release|Any CPU.Build.0 = Release|Any CPU
		{8FE4D07E-E9F0-4172-9B6F-3703F2D21953}.Debug|Any CPU.ActiveCfg = Debug|Any CPU
		{8FE4D07E-E9F0-4172-9B6F-3703F2D21953}.Debug|Any CPU.Build.0 = Debug|Any CPU
		{8FE4D07E-E9F0-4172-9B6F-3703F2D21953}.Release|Any CPU.ActiveCfg = Release|Any CPU
		{8FE4D07E-E9F0-4172-9B6F-3703F2D21953}.Release|Any CPU.Build.0 = Release|Any CPU
	EndGlobalSection
	GlobalSection(SolutionProperties) = preSolution
		HideSolutionNode = FALSE
	EndGlobalSection
	GlobalSection(ExtensibilityGlobals) = postSolution
		SolutionGuid = {3A6EA62A-84E5-418B-8F39-ABAE91F0601E}
	EndGlobalSection
EndGlobal
